// !$*UTF8*$!
{
	archiveVersion = 1;
	classes = {
	};
	objectVersion = 46;
	objects = {

/* Begin PBXBuildFile section */
		C0F369831D48A5830087F7F0 /* main.m in Sources */ = {isa = PBXBuildFile; fileRef = C0F369821D48A5830087F7F0 /* main.m */; };
		C0F369861D48A5830087F7F0 /* AppDelegate.m in Sources */ = {isa = PBXBuildFile; fileRef = C0F369851D48A5830087F7F0 /* AppDelegate.m */; };
		C0F369891D48A5830087F7F0 /* ViewController.m in Sources */ = {isa = PBXBuildFile; fileRef = C0F369881D48A5830087F7F0 /* ViewController.m */; };
		C0F3698C1D48A5830087F7F0 /* Main.storyboard in Resources */ = {isa = PBXBuildFile; fileRef = C0F3698A1D48A5830087F7F0 /* Main.storyboard */; };
		C0F3698E1D48A5830087F7F0 /* Assets.xcassets in Resources */ = {isa = PBXBuildFile; fileRef = C0F3698D1D48A5830087F7F0 /* Assets.xcassets */; };
		C0F369911D48A5830087F7F0 /* LaunchScreen.storyboard in Resources */ = {isa = PBXBuildFile; fileRef = C0F3698F1D48A5830087F7F0 /* LaunchScreen.storyboard */; };
/* End PBXBuildFile section */

/* Begin PBXFileReference section */
		C0F3697E1D48A5830087F7F0 /* testApp.app */ = {isa = PBXFileReference; explicitFileType = wrapper.application; includeInIndex = 0; path = testApp.app; sourceTree = BUILT_PRODUCTS_DIR; };
		C0F369821D48A5830087F7F0 /* main.m */ = {isa = PBXFileReference; lastKnownFileType = sourcecode.c.objc; path = main.m; sourceTree = "<group>"; };
		C0F369841D48A5830087F7F0 /* AppDelegate.h */ = {isa = PBXFileReference; lastKnownFileType = sourcecode.c.h; path = AppDelegate.h; sourceTree = "<group>"; };
		C0F369851D48A5830087F7F0 /* AppDelegate.m */ = {isa = PBXFileReference; lastKnownFileType = sourcecode.c.objc; path = AppDelegate.m; sourceTree = "<group>"; };
		C0F369871D48A5830087F7F0 /* ViewController.h */ = {isa = PBXFileReference; lastKnownFileType = sourcecode.c.h; path = ViewController.h; sourceTree = "<group>"; };
		C0F369881D48A5830087F7F0 /* ViewController.m */ = {isa = PBXFileReference; lastKnownFileType = sourcecode.c.objc; path = ViewController.m; sourceTree = "<group>"; };
		C0F3698B1D48A5830087F7F0 /* Base */ = {isa = PBXFileReference; lastKnownFileType = file.storyboard; name = Base; path = Base.lproj/Main.storyboard; sourceTree = "<group>"; };
		C0F3698D1D48A5830087F7F0 /* Assets.xcassets */ = {isa = PBXFileReference; lastKnownFileType = folder.assetcatalog; path = Assets.xcassets; sourceTree = "<group>"; };
		C0F369901D48A5830087F7F0 /* Base */ = {isa = PBXFileReference; lastKnownFileType = file.storyboard; name = Base; path = Base.lproj/LaunchScreen.storyboard; sourceTree = "<group>"; };
		C0F369921D48A5830087F7F0 /* Info.plist */ = {isa = PBXFileReference; lastKnownFileType = text.plist.xml; path = Info.plist; sourceTree = "<group>"; };
/* End PBXFileReference section */

/* Begin PBXFrameworksBuildPhase section */
		C0F3697B1D48A5830087F7F0 /* Frameworks */ = {
			isa = PBXFrameworksBuildPhase;
			buildActionMask = 2147483647;
			files = (
			);
			runOnlyForDeploymentPostprocessing = 0;
		};
/* End PBXFrameworksBuildPhase section */

/* Begin PBXGroup section */
		C0F369751D48A5830087F7F0 = {
			isa = PBXGroup;
			children = (
				C0F369801D48A5830087F7F0 /* testApp */,
				C0F3697F1D48A5830087F7F0 /* Products */,
			);
			sourceTree = "<group>";
		};
		C0F3697F1D48A5830087F7F0 /* Products */ = {
			isa = PBXGroup;
			children = (
				C0F3697E1D48A5830087F7F0 /* testApp.app */,
			);
			name = Products;
			sourceTree = "<group>";
		};
		C0F369801D48A5830087F7F0 /* testApp */ = {
			isa = PBXGroup;
			children = (
				C0F369841D48A5830087F7F0 /* AppDelegate.h */,
				C0F369851D48A5830087F7F0 /* AppDelegate.m */,
				C0F369871D48A5830087F7F0 /* ViewController.h */,
				C0F369881D48A5830087F7F0 /* ViewController.m */,
				C0F3698A1D48A5830087F7F0 /* Main.storyboard */,
				C0F3698D1D48A5830087F7F0 /* Assets.xcassets */,
				C0F3698F1D48A5830087F7F0 /* LaunchScreen.storyboard */,
				C0F369921D48A5830087F7F0 /* Info.plist */,
				C0F369811D48A5830087F7F0 /* Supporting Files */,
			);
			path = testApp;
			sourceTree = "<group>";
		};
		C0F369811D48A5830087F7F0 /* Supporting Files */ = {
			isa = PBXGroup;
			children = (
				C0F369821D48A5830087F7F0 /* main.m */,
			);
			name = "Supporting Files";
			sourceTree = "<group>";
		};
/* End PBXGroup section */

/* Begin PBXNativeTarget section */
		C0F3697D1D48A5830087F7F0 /* testApp */ = {
			isa = PBXNativeTarget;
			buildConfigurationList = C0F369951D48A5830087F7F0 /* Build configuration list for PBXNativeTarget "testApp" */;
			buildPhases = (
				C0F3697A1D48A5830087F7F0 /* Sources */,
				C0F3697B1D48A5830087F7F0 /* Frameworks */,
				C0F3697C1D48A5830087F7F0 /* Resources */,
			);
			buildRules = (
			);
			dependencies = (
			);
			name = testApp;
			productName = testApp;
			productReference = C0F3697E1D48A5830087F7F0 /* testApp.app */;
			productType = "com.apple.product-type.application";
		};
/* End PBXNativeTarget section */

/* Begin PBXProject section */
		C0F369761D48A5830087F7F0 /* Project object */ = {
			isa = PBXProject;
			attributes = {
				LastUpgradeCheck = 0730;
				ORGANIZATIONNAME = JYW;
				TargetAttributes = {
					C0F3697D1D48A5830087F7F0 = {
						CreatedOnToolsVersion = 7.3.1;
					};
				};
			};
			buildConfigurationList = C0F369791D48A5830087F7F0 /* Build configuration list for PBXProject "testApp" */;
			compatibilityVersion = "Xcode 3.2";
			developmentRegion = English;
			hasScannedForEncodings = 0;
			knownRegions = (
				en,
				Base,
			);
			mainGroup = C0F369751D48A5830087F7F0;
			productRefGroup = C0F3697F1D48A5830087F7F0 /* Products */;
			projectDirPath = "";
			projectRoot = "";
			targets = (
				C0F3697D1D48A5830087F7F0 /* testApp */,
			);
		};
/* End PBXProject section */

/* Begin PBXResourcesBuildPhase section */
		C0F3697C1D48A5830087F7F0 /* Resources */ = {
			isa = PBXResourcesBuildPhase;
			buildActionMask = 2147483647;
			files = (
				C0F369911D48A5830087F7F0 /* LaunchScreen.storyboard in Resources */,
				C0F3698E1D48A5830087F7F0 /* Assets.xcassets in Resources */,
				C0F3698C1D48A5830087F7F0 /* Main.storyboard in Resources */,
			);
			runOnlyForDeploymentPostprocessing = 0;
		};
/* End PBXResourcesBuildPhase section */

/* Begin PBXSourcesBuildPhase section */
		C0F3697A1D48A5830087F7F0 /* Sources */ = {
			isa = PBXSourcesBuildPhase;
			buildActionMask = 2147483647;
			files = (
				C0F369891D48A5830087F7F0 /* ViewController.m in Sources */,
				C0F369861D48A5830087F7F0 /* AppDelegate.m in Sources */,
				C0F369831D48A5830087F7F0 /* main.m in Sources */,
			);
			runOnlyForDeploymentPostprocessing = 0;
		};
/* End PBXSourcesBuildPhase section */

/* Begin PBXVariantGroup section */
		C0F3698A1D48A5830087F7F0 /* Main.storyboard */ = {
			isa = PBXVariantGroup;
			children = (
				C0F3698B1D48A5830087F7F0 /* Base */,
			);
			name = Main.storyboard;
			sourceTree = "<group>";
		};
		C0F3698F1D48A5830087F7F0 /* LaunchScreen.storyboard */ = {
			isa = PBXVariantGroup;
			children = (
				C0F369901D48A5830087F7F0 /* Base */,
			);
			name = LaunchScreen.storyboard;
			sourceTree = "<group>";
		};
/* End PBXVariantGroup section */

/* Begin XCBuildConfiguration section */
		C0F369931D48A5830087F7F0 /* Debug */ = {
			isa = XCBuildConfiguration;
			buildSettings = {
				ALWAYS_SEARCH_USER_PATHS = NO;
				CLANG_ANALYZER_NONNULL = YES;
				CLANG_CXX_LANGUAGE_STANDARD = "gnu++0x";
				CLANG_CXX_LIBRARY = "libc++";
				CLANG_ENABLE_MODULES = YES;
				CLANG_ENABLE_OBJC_ARC = YES;
				CLANG_WARN_BOOL_CONVERSION = YES;
				CLANG_WARN_CONSTANT_CONVERSION = YES;
				CLANG_WARN_DIRECT_OBJC_ISA_USAGE = YES_ERROR;
				CLANG_WARN_EMPTY_BODY = YES;
				CLANG_WARN_ENUM_CONVERSION = YES;
				CLANG_WARN_INT_CONVERSION = YES;
				CLANG_WARN_OBJC_ROOT_CLASS = YES_ERROR;
				CLANG_WARN_UNREACHABLE_CODE = YES;
				CLANG_WARN__DUPLICATE_METHOD_MATCH = YES;
				"CODE_SIGN_IDENTITY[sdk=iphoneos*]" = "iPhone Developer";
				COPY_PHASE_STRIP = NO;
				DEBUG_INFORMATION_FORMAT = dwarf;
				ENABLE_STRICT_OBJC_MSGSEND = YES;
				ENABLE_TESTABILITY = YES;
				GCC_C_LANGUAGE_STANDARD = gnu99;
				GCC_DYNAMIC_NO_PIC = NO;
				GCC_NO_COMMON_BLOCKS = YES;
				GCC_OPTIMIZATION_LEVEL = 0;
				GCC_PREPROCESSOR_DEFINITIONS = (
					"DEBUG=1",
					"$(inherited)",
				);
				GCC_WARN_64_TO_32_BIT_CONVERSION = YES;
				GCC_WARN_ABOUT_RETURN_TYPE = YES_ERROR;
				GCC_WARN_UNDECLARED_SELECTOR = YES;
				GCC_WARN_UNINITIALIZED_AUTOS = YES_AGGRESSIVE;
				GCC_WARN_UNUSED_FUNCTION = YES;
				GCC_WARN_UNUSED_VARIABLE = YES;
				IPHONEOS_DEPLOYMENT_TARGET = 9.3;
				MTL_ENABLE_DEBUG_INFO = YES;
				ONLY_ACTIVE_ARCH = YES;
				SDKROOT = iphoneos;
			};
			name = Debug;
		};
		C0F369941D48A5830087F7F0 /* Release */ = {
			isa = XCBuildConfiguration;
			buildSettings = {
				ALWAYS_SEARCH_USER_PATHS = NO;
				CLANG_ANALYZER_NONNULL = YES;
				CLANG_CXX_LANGUAGE_STANDARD = "gnu++0x";
				CLANG_CXX_LIBRARY = "libc++";
				CLANG_ENABLE_MODULES = YES;
				CLANG_ENABLE_OBJC_ARC = YES;
				CLANG_WARN_BOOL_CONVERSION = YES;
				CLANG_WARN_CONSTANT_CONVERSION = YES;
				CLANG_WARN_DIRECT_OBJC_ISA_USAGE = YES_ERROR;
				CLANG_WARN_EMPTY_BODY = YES;
				CLANG_WARN_ENUM_CONVERSION = YES;
				CLANG_WARN_INT_CONVERSION = YES;
				CLANG_WARN_OBJC_ROOT_CLASS = YES_ERROR;
				CLANG_WARN_UNREACHABLE_CODE = YES;
				CLANG_WARN__DUPLICATE_METHOD_MATCH = YES;
				"CODE_SIGN_IDENTITY[sdk=iphoneos*]" = "iPhone Developer";
				COPY_PHASE_STRIP = NO;
				DEBUG_INFORMATION_FORMAT = "dwarf-with-dsym";
				ENABLE_NS_ASSERTIONS = NO;
				ENABLE_STRICT_OBJC_MSGSEND = YES;
				GCC_C_LANGUAGE_STANDARD = gnu99;
				GCC_NO_COMMON_BLOCKS = YES;
				GCC_WARN_64_TO_32_BIT_CONVERSION = YES;
				GCC_WARN_ABOUT_RETURN_TYPE = YES_ERROR;
				GCC_WARN_UNDECLARED_SELECTOR = YES;
				GCC_WARN_UNINITIALIZED_AUTOS = YES_AGGRESSIVE;
				GCC_WARN_UNUSED_FUNCTION = YES;
				GCC_WARN_UNUSED_VARIABLE = YES;
				IPHONEOS_DEPLOYMENT_TARGET = 9.3;
				MTL_ENABLE_DEBUG_INFO = NO;
				SDKROOT = iphoneos;
				VALIDATE_PRODUCT = YES;
			};
			name = Release;
		};
		C0F369961D48A5830087F7F0 /* Debug */ = {
			isa = XCBuildConfiguration;
			buildSettings = {
				ASSETCATALOG_COMPILER_APPICON_NAME = AppIcon;
				INFOPLIST_FILE = testApp/Info.plist;
				LD_RUNPATH_SEARCH_PATHS = "$(inherited) @executable_path/Frameworks";
				PRODUCT_BUNDLE_IDENTIFIER = com.jyw.testApp;
				PRODUCT_NAME = "$(TARGET_NAME)";
			};
			name = Debug;
		};
		C0F369971D48A5830087F7F0 /* Release */ = {
			isa = XCBuildConfiguration;
			buildSettings = {
				ASSETCATALOG_COMPILER_APPICON_NAME = AppIcon;
				INFOPLIST_FILE = testApp/Info.plist;
				LD_RUNPATH_SEARCH_PATHS = "$(inherited) @executable_path/Frameworks";
				PRODUCT_BUNDLE_IDENTIFIER = com.jyw.testApp;
				PRODUCT_NAME = "$(TARGET_NAME)";
			};
			name = Release;
		};
/* End XCBuildConfiguration section */

/* Begin XCConfigurationList section */
		C0F369791D48A5830087F7F0 /* Build configuration list for PBXProject "testApp" */ = {
			isa = XCConfigurationList;
			buildConfigurations = (
				C0F369931D48A5830087F7F0 /* Debug */,
				C0F369941D48A5830087F7F0 /* Release */,
			);
			defaultConfigurationIsVisible = 0;
			defaultConfigurationName = Release;
		};
		C0F369951D48A5830087F7F0 /* Build configuration list for PBXNativeTarget "testApp" */ = {
			isa = XCConfigurationList;
			buildConfigurations = (
				C0F369961D48A5830087F7F0 /* Debug */,
				C0F369971D48A5830087F7F0 /* Release */,
			);
			defaultConfigurationIsVisible = 0;
		};
/* End XCConfigurationList section */
	};
	rootObject = C0F369761D48A5830087F7F0 /* Project object */;
}
